{
	"name": "node-red-contrib-cubic-range",
	"version": "1.0.0",
	"lockfileVersion": 1,
	"requires": true,
	"dependencies": {
		"cubic-spline": {
			"version": "2.0.0",
			"resolved": "https://registry.npmjs.org/cubic-spline/-/cubic-spline-2.0.0.tgz",
			"integrity": "sha512-/75LhQwC/IC0CHKPC9+zFLXlBUffWJAyVrGKfXzg2cUsndfd50OC6RHLhRWFxcB9cnIZF2BNCnawebshvv9IEQ=="
		}
	}
}
